
Microsoft Visual Studio Solution File, Format Version 12.00
# Visual Studio 15
VisualStudioVersion = 15.0.27428.2015
MinimumVisualStudioVersion = 10.0.40219.1
Project("{FAE04EC0-301F-11D3-BF4B-00C04F79EFBC}") = "WpfAudio2", "WpfAudio2\WpfAudio2.csproj", "{FC64367C-9297-4AA8-A0A2-B63DEE904496}"
EndProject
Global
	GlobalSection(SolutionConfigurationPlatforms) = preSolution
		Debug|Any CPU = Debug|Any CPU
		Release|Any CPU = Release|Any CPU
	EndGlobalSection
	GlobalSection(ProjectConfigurationPlatforms) = postSolution
		{FC64367C-9297-4AA8-A0A2-B63DEE904496}.Debug|Any CPU.ActiveCfg = Debug|Any CPU
		{FC64367C-9297-4AA8-A0A2-B63DEE904496}.Debug|Any CPU.Build.0 = Debug|Any CPU
		{FC64367C-9297-4AA8-A0A2-B63DEE904496}.Release|Any CPU.ActiveCfg = Release|Any CPU
		{FC64367C-9297-4AA8-A0A2-B63DEE904496}.Release|Any CPU.Build.0 = Release|Any CPU
	EndGlobalSection
	GlobalSection(SolutionProperties) = preSolution
		HideSolutionNode = FALSE
	EndGlobalSection
	GlobalSection(ExtensibilityGlobals) = postSolution
		SolutionGuid = {67B38538-8099-43E2-893F-EDD3958A1610}
	EndGlobalSection
EndGlobal
